
Microsoft Visual Studio Solution File, Format Version 12.00
# Visual Studio Version 16
VisualStudioVersion = 25.0.1704.0
MinimumVisualStudioVersion = 10.0.40219.1
Project("{FAE04EC0-301F-11D3-BF4B-00C04F79EFBC}") = "EShopApi_Test", "EShopApi_Test.csproj", "{F75740DF-CE28-44B6-86D6-0E1A6025A959}"
EndProject
Global
	GlobalSection(SolutionConfigurationPlatforms) = preSolution
		Debug|Any CPU = Debug|Any CPU
		Release|Any CPU = Release|Any CPU
	EndGlobalSection
	GlobalSection(ProjectConfigurationPlatforms) = postSolution
		{F75740DF-CE28-44B6-86D6-0E1A6025A959}.Debug|Any CPU.ActiveCfg = Debug|Any CPU
		{F75740DF-CE28-44B6-86D6-0E1A6025A959}.Debug|Any CPU.Build.0 = Debug|Any CPU
		{F75740DF-CE28-44B6-86D6-0E1A6025A959}.Release|Any CPU.ActiveCfg = Release|Any CPU
		{F75740DF-CE28-44B6-86D6-0E1A6025A959}.Release|Any CPU.Build.0 = Release|Any CPU
	EndGlobalSection
	GlobalSection(SolutionProperties) = preSolution
		HideSolutionNode = FALSE
	EndGlobalSection
	GlobalSection(ExtensibilityGlobals) = postSolution
		SolutionGuid = {8BDF9E65-5D7B-431B-B8D0-1F969C7C298C}
	EndGlobalSection
EndGlobal
